
Microsoft Visual Studio Solution File, Format Version 12.00
# Visual Studio Version 16
VisualStudioVersion = 16.0.33529.622
MinimumVisualStudioVersion = 10.0.40219.1
Project("{FAE04EC0-301F-11D3-BF4B-00C04F79EFBC}") = "QLNH_APIs", "QLNH_APIs\QLNH_APIs.csproj", "{398813F7-4005-4DD7-B2C2-9FB7B34EE6DD}"
EndProject
Global
	GlobalSection(SolutionConfigurationPlatforms) = preSolution
		Debug|Any CPU = Debug|Any CPU
		Release|Any CPU = Release|Any CPU
	EndGlobalSection
	GlobalSection(ProjectConfigurationPlatforms) = postSolution
		{398813F7-4005-4DD7-B2C2-9FB7B34EE6DD}.Debug|Any CPU.ActiveCfg = Debug|Any CPU
		{398813F7-4005-4DD7-B2C2-9FB7B34EE6DD}.Debug|Any CPU.Build.0 = Debug|Any CPU
		{398813F7-4005-4DD7-B2C2-9FB7B34EE6DD}.Release|Any CPU.ActiveCfg = Release|Any CPU
		{398813F7-4005-4DD7-B2C2-9FB7B34EE6DD}.Release|Any CPU.Build.0 = Release|Any CPU
	EndGlobalSection
	GlobalSection(SolutionProperties) = preSolution
		HideSolutionNode = FALSE
	EndGlobalSection
	GlobalSection(ExtensibilityGlobals) = postSolution
		SolutionGuid = {F6C638A6-2EB3-46A6-930F-BA43E03DCA16}
	EndGlobalSection
EndGlobal
